{
  "version": 4,
  "terraform_version": "1.0.11",
  "serial": 18,
  "lineage": "4f55c287-5408-6f7c-519c-29b626407d3e",
  "outputs": {},
  "resources": [
    {
      "mode": "managed",
      "type": "google_compute_network",
      "name": "vpc",
      "provider": "provider[\"registry.terraform.io/hashicorp/google\"]",
      "instances": [
        {
          "schema_version": 0,
          "attributes": {
            "auto_create_subnetworks": false,
            "delete_default_routes_on_create": false,
            "description": "",
            "gateway_ipv4": "",
            "id": "projects/astro-app-332210/global/networks/astro-app-332210-vpc",
            "mtu": 0,
            "name": "astro-app-332210-vpc",
            "project": "astro-app-332210",
            "routing_mode": "REGIONAL",
            "self_link": "https://www.googleapis.com/compute/v1/projects/astro-app-332210/global/networks/astro-app-332210-vpc",
            "timeouts": null
          },
          "sensitive_attributes": [],
          "private": "eyJlMmJmYjczMC1lY2FhLTExZTYtOGY4OC0zNDM2M2JjN2M0YzAiOnsiY3JlYXRlIjoyNDAwMDAwMDAwMDAsImRlbGV0ZSI6MjQwMDAwMDAwMDAwLCJ1cGRhdGUiOjI0MDAwMDAwMDAwMH19"
        }
      ]
    },
    {
      "mode": "managed",
      "type": "google_compute_subnetwork",
      "name": "subnet",
      "provider": "provider[\"registry.terraform.io/hashicorp/google\"]",
      "instances": [
        {
          "schema_version": 0,
          "attributes": {
            "creation_timestamp": "2021-11-21T06:32:33.153-08:00",
            "description": "",
            "fingerprint": null,
            "gateway_address": "10.10.0.1",
            "id": "projects/astro-app-332210/regions/europe-west3/subnetworks/astro-app-332210-subnet",
            "ip_cidr_range": "10.10.0.0/24",
            "log_config": [],
            "name": "astro-app-332210-subnet",
            "network": "https://www.googleapis.com/compute/v1/projects/astro-app-332210/global/networks/astro-app-332210-vpc",
            "private_ip_google_access": false,
            "private_ipv6_google_access": "DISABLE_GOOGLE_ACCESS",
            "project": "astro-app-332210",
            "region": "europe-west3",
            "secondary_ip_range": [
              {
                "ip_cidr_range": "10.196.0.0/20",
                "range_name": "gke-astro-app-services-6ff37f37"
              },
              {
                "ip_cidr_range": "10.192.0.0/14",
                "range_name": "gke-astro-app-pods-6ff37f37"
              }
            ],
            "self_link": "https://www.googleapis.com/compute/v1/projects/astro-app-332210/regions/europe-west3/subnetworks/astro-app-332210-subnet",
            "timeouts": null
          },
          "sensitive_attributes": [],
          "private": "eyJlMmJmYjczMC1lY2FhLTExZTYtOGY4OC0zNDM2M2JjN2M0YzAiOnsiY3JlYXRlIjozNjAwMDAwMDAwMDAsImRlbGV0ZSI6MzYwMDAwMDAwMDAwLCJ1cGRhdGUiOjM2MDAwMDAwMDAwMH19",
          "dependencies": [
            "google_compute_network.vpc"
          ]
        }
      ]
    },
    {
      "mode": "managed",
      "type": "google_container_cluster",
      "name": "primary",
      "provider": "provider[\"registry.terraform.io/hashicorp/google\"]",
      "instances": [
        {
          "schema_version": 1,
          "attributes": {
            "addons_config": [
              {
                "cloudrun_config": [],
                "horizontal_pod_autoscaling": [],
                "http_load_balancing": [],
                "network_policy_config": [
                  {
                    "disabled": true
                  }
                ]
              }
            ],
            "authenticator_groups_config": [],
            "cluster_autoscaling": [
              {
                "auto_provisioning_defaults": [],
                "enabled": false,
                "resource_limits": []
              }
            ],
            "cluster_ipv4_cidr": "10.192.0.0/14",
            "database_encryption": [
              {
                "key_name": "",
                "state": "DECRYPTED"
              }
            ],
            "default_max_pods_per_node": 110,
            "description": "",
            "enable_binary_authorization": false,
            "enable_intranode_visibility": null,
            "enable_kubernetes_alpha": false,
            "enable_legacy_abac": false,
            "enable_shielded_nodes": false,
            "enable_tpu": null,
            "endpoint": "34.89.175.225",
            "id": "projects/astro-app-332210/locations/europe-west3/clusters/astro-app",
            "initial_node_count": 1,
            "instance_group_urls": [
              "https://www.googleapis.com/compute/v1/projects/astro-app-332210/zones/europe-west3-a/instanceGroups/gke-astro-app-astro-app-node-pool-d4665781-grp",
              "https://www.googleapis.com/compute/v1/projects/astro-app-332210/zones/europe-west3-b/instanceGroups/gke-astro-app-astro-app-node-pool-ff535473-grp",
              "https://www.googleapis.com/compute/v1/projects/astro-app-332210/zones/europe-west3-c/instanceGroups/gke-astro-app-astro-app-node-pool-89bda822-grp"
            ],
            "ip_allocation_policy": [
              {
                "cluster_ipv4_cidr_block": "10.192.0.0/14",
                "cluster_secondary_range_name": "gke-astro-app-pods-6ff37f37",
                "services_ipv4_cidr_block": "10.196.0.0/20",
                "services_secondary_range_name": "gke-astro-app-services-6ff37f37"
              }
            ],
            "label_fingerprint": "a9dc16a7",
            "location": "europe-west3",
            "logging_service": "logging.googleapis.com/kubernetes",
            "maintenance_policy": [],
            "master_auth": [
              {
                "client_certificate": "",
                "client_certificate_config": [
                  {
                    "issue_client_certificate": false
                  }
                ],
                "client_key": "",
                "cluster_ca_certificate": "LS0tLS1CRUdJTiBDRVJUSUZJQ0FURS0tLS0tCk1JSUVMRENDQXBTZ0F3SUJBZ0lRZmg5ejBIdS93djJwdW5SZDlLS2xNVEFOQmdrcWhraUc5dzBCQVFzRkFEQXYKTVMwd0t3WURWUVFERXlRek1HSm1PV1F6TnkwNVpUSmxMVFJrT0RBdE9Ua3hNQzAwTXpSbFlqRTRPVGs0WmpFdwpJQmNOTWpFeE1USXhNVE16TWpVNVdoZ1BNakExTVRFeE1UUXhORE15TlRsYU1DOHhMVEFyQmdOVkJBTVRKRE13ClltWTVaRE0zTFRsbE1tVXROR1E0TUMwNU9URXdMVFF6TkdWaU1UZzVPVGhtTVRDQ0FhSXdEUVlKS29aSWh2Y04KQVFFQkJRQURnZ0dQQURDQ0FZb0NnZ0dCQUxSbmZEdnIwMzlLK2xmWUZPWHBmQzdPNG9hb25wcmVFTEtHeDBxbgpJSDJ2elltdzFZUWV2M0ZjaUlZeUNhTHdXZGN3QllnZlRDdTA1VFJpMFRnb2lYUkxhalJnN2VoTXBPYytXanA2CmF2RVhDUjFzZGxwSHZMb0FkU1ZwTjlKSUJlUjQwWjQ2K2J2QytOR2dsb1pFUkZZekVSQWR4UW5SOEVYYUJqcjYKNUl1OHBTbktMUVozRS8vc0RPRmF5V1p6eUNJdTRPc0JWK2NGNzZ3UTZmOGRINEd3cTNWSVNPQnNCeEx5MmM4QQpWMkxEMVVWNGxkVkp5RUt2TjlBdXNyWUszbjE0eGpWVlNKc2VmMTRObFdoVEpnOVhZTytiay9SV0QvaTVjc0RmCk1jamNuTGFjWkpVRkRuaEp5TWpiaDMzWDdsMGlaZldVdFFtMEY3SmdJeTEvL01zZTZqUkNnTW9uVVExc3B1UXMKSkhKVU9ZWVZ6RjdZNzJQWWQ3bnJ2dUpmVlc1a0JONGxGSkxxcE5qQUszZE9QNHBUejk3SHpOdkdaTHQwYlJyUgoxV1NUbmRnQm1vczlwWmozcFFRTndEUm0xSk15UUtKS0VqUW5DbjExTm14bkMvcTZlRzN2NW4xaHJueEh2dkJPClJPZW1iWmw3c1c0dGxzdHFmdWZlU2JwaTlRSURBUUFCbzBJd1FEQU9CZ05WSFE4QkFmOEVCQU1DQWdRd0R3WUQKVlIwVEFRSC9CQVV3QXdFQi96QWRCZ05WSFE0RUZnUVVvL1A1NlJKa1hHazZSenpzdkRLbFlhdXZkU293RFFZSgpLb1pJaHZjTkFRRUxCUUFEZ2dHQkFEV1BWTnpOaE8yMHFYNytSQ2hPZ3ozaW9xVHFXN2JPMU1DT3VldVRMNEo2CnlPRmdDV2FiSDJuQTlCeDEvdC9ldXJHKytmUzN2VkNSZ29OOVpIVWk1UHZOcjIyVHdOZHM4UC8wUG9hUEYxQXMKOHZ6SjhhWTRHdGF2N0gxZCsrZzIrOTNoN0lSbEZ3SGdVSmpoM3ZObkpiZmFsdkU5eTQ1aGFvTzNWenlnc0tVeQo0Smt5RkREd1JubnZuZEh1WHZ3NzJNdHZWMzY5WXo3VXJTVU05TUNlZk5kQStFL3Rxc0RsRzNoTUM1bGhEamgyCnUxZEZTRzB2WDNyZWFGTEdRRFY4N3c5OStBcnZ6UmdrZFlaazdodjQvNlgrbVhSWnZNVVZzeVpIMVo5dTRoRVoKUmgyZTlDeTNmalJuWDQvSXJtSUxvV2IxajVZS1kxUTNDdHlKZTdzb1hnOTgxMUR4K2F0azhBTXQrdks4QURaSQozQkUrL0REcEY4RGRtZTJOdng2SEd4b3doNktURmpaUXJENHE3VEswaEhjSXRacGJSOEdaTHhLYWN4ZVFlYzNWCjFTMDVyWmJwdXovTGhyODBZbjMxeW11Mmc4aWoyQWhFRENjYXoydWNaWlp1VUlHaXBvRnJYY1dKS05VQzZMS3MKQXNoN3FjNzlZU3ExakR6Skk0L2xHZz09Ci0tLS0tRU5EIENFUlRJRklDQVRFLS0tLS0K",
                "password": "",
                "username": ""
              }
            ],
            "master_authorized_networks_config": [],
            "master_version": "1.21.5-gke.1302",
            "min_master_version": null,
            "monitoring_service": "monitoring.googleapis.com/kubernetes",
            "name": "astro-app",
            "network": "projects/astro-app-332210/global/networks/astro-app-332210-vpc",
            "network_policy": [
              {
                "enabled": false,
                "provider": "PROVIDER_UNSPECIFIED"
              }
            ],
            "node_config": [
              {
                "disk_size_gb": 100,
                "disk_type": "pd-standard",
                "guest_accelerator": [],
                "image_type": "COS_CONTAINERD",
                "labels": {
                  "env": "astro-app-332210"
                },
                "local_ssd_count": 0,
                "machine_type": "n1-standard-1",
                "metadata": {
                  "disable-legacy-endpoints": "true"
                },
                "min_cpu_platform": "",
                "oauth_scopes": [
                  "https://www.googleapis.com/auth/logging.write",
                  "https://www.googleapis.com/auth/monitoring"
                ],
                "preemptible": false,
                "service_account": "default",
                "shielded_instance_config": [
                  {
                    "enable_integrity_monitoring": true,
                    "enable_secure_boot": false
                  }
                ],
                "tags": [
                  "gke-node",
                  "astro-app-332210-gke"
                ],
                "taint": [],
                "workload_metadata_config": []
              }
            ],
            "node_locations": [
              "europe-west3-a",
              "europe-west3-b",
              "europe-west3-c"
            ],
            "node_pool": [
              {
                "autoscaling": [],
                "initial_node_count": 6,
                "instance_group_urls": [
                  "https://www.googleapis.com/compute/v1/projects/astro-app-332210/zones/europe-west3-a/instanceGroupManagers/gke-astro-app-astro-app-node-pool-d4665781-grp",
                  "https://www.googleapis.com/compute/v1/projects/astro-app-332210/zones/europe-west3-b/instanceGroupManagers/gke-astro-app-astro-app-node-pool-ff535473-grp",
                  "https://www.googleapis.com/compute/v1/projects/astro-app-332210/zones/europe-west3-c/instanceGroupManagers/gke-astro-app-astro-app-node-pool-89bda822-grp"
                ],
                "management": [
                  {
                    "auto_repair": true,
                    "auto_upgrade": true
                  }
                ],
                "max_pods_per_node": 110,
                "name": "astro-app-node-pool",
                "name_prefix": "",
                "node_config": [
                  {
                    "disk_size_gb": 100,
                    "disk_type": "pd-standard",
                    "guest_accelerator": [],
                    "image_type": "COS_CONTAINERD",
                    "labels": {
                      "env": "astro-app-332210"
                    },
                    "local_ssd_count": 0,
                    "machine_type": "n1-standard-1",
                    "metadata": {
                      "disable-legacy-endpoints": "true"
                    },
                    "min_cpu_platform": "",
                    "oauth_scopes": [
                      "https://www.googleapis.com/auth/logging.write",
                      "https://www.googleapis.com/auth/monitoring"
                    ],
                    "preemptible": false,
                    "service_account": "default",
                    "shielded_instance_config": [
                      {
                        "enable_integrity_monitoring": true,
                        "enable_secure_boot": false
                      }
                    ],
                    "tags": [
                      "gke-node",
                      "astro-app-332210-gke"
                    ],
                    "taint": [],
                    "workload_metadata_config": []
                  }
                ],
                "node_count": 6,
                "node_locations": [
                  "europe-west3-a",
                  "europe-west3-b",
                  "europe-west3-c"
                ],
                "upgrade_settings": [
                  {
                    "max_surge": 1,
                    "max_unavailable": 0
                  }
                ],
                "version": "1.21.5-gke.1302"
              }
            ],
            "node_version": "1.21.5-gke.1302",
            "operation": null,
            "pod_security_policy_config": [],
            "private_cluster_config": [],
            "project": "astro-app-332210",
            "release_channel": [
              {
                "channel": "REGULAR"
              }
            ],
            "remove_default_node_pool": true,
            "resource_labels": {},
            "resource_usage_export_config": [],
            "self_link": "https://container.googleapis.com/v1beta1/projects/astro-app-332210/locations/europe-west3/clusters/astro-app",
            "services_ipv4_cidr": "10.196.0.0/20",
            "subnetwork": "projects/astro-app-332210/regions/europe-west3/subnetworks/astro-app-332210-subnet",
            "timeouts": null,
            "vertical_pod_autoscaling": [],
            "workload_identity_config": []
          },
          "sensitive_attributes": [],
          "private": "eyJlMmJmYjczMC1lY2FhLTExZTYtOGY4OC0zNDM2M2JjN2M0YzAiOnsiY3JlYXRlIjoyNDAwMDAwMDAwMDAwLCJkZWxldGUiOjI0MDAwMDAwMDAwMDAsInJlYWQiOjI0MDAwMDAwMDAwMDAsInVwZGF0ZSI6MzYwMDAwMDAwMDAwMH0sInNjaGVtYV92ZXJzaW9uIjoiMSJ9",
          "dependencies": [
            "google_compute_network.vpc",
            "google_compute_subnetwork.subnet"
          ]
        }
      ]
    }
  ]
}
